// !$*UTF8*$!
{
	archiveVersion = 1;
	classes = {
	};
	objectVersion = 50;
	objects = {

/* Begin PBXBuildFile section */
		4A07281023E96FC30005FF97 /* AppDelegate.swift in Sources */ = {isa = PBXBuildFile; fileRef = 4A07280F23E96FC30005FF97 /* AppDelegate.swift */; };
		4A07281223E96FC30005FF97 /* SceneDelegate.swift in Sources */ = {isa = PBXBuildFile; fileRef = 4A07281123E96FC30005FF97 /* SceneDelegate.swift */; };
		4A07281423E96FC30005FF97 /* ViewController.swift in Sources */ = {isa = PBXBuildFile; fileRef = 4A07281323E96FC30005FF97 /* ViewController.swift */; };
		4A07281723E96FC30005FF97 /* Main.storyboard in Resources */ = {isa = PBXBuildFile; fileRef = 4A07281523E96FC30005FF97 /* Main.storyboard */; };
		4A07281923E96FC90005FF97 /* Assets.xcassets in Resources */ = {isa = PBXBuildFile; fileRef = 4A07281823E96FC90005FF97 /* Assets.xcassets */; };
		4A07281C23E96FC90005FF97 /* LaunchScreen.storyboard in Resources */ = {isa = PBXBuildFile; fileRef = 4A07281A23E96FC90005FF97 /* LaunchScreen.storyboard */; };
		80B067DF240E728700BB52ED /* Login&Signup.storyboard in Resources */ = {isa = PBXBuildFile; fileRef = 80B067DE240E728700BB52ED /* Login&Signup.storyboard */; };
		80F1AEBC242B5427007529C9 /* GUI.storyboard in Resources */ = {isa = PBXBuildFile; fileRef = 80F1AEBB242B5427007529C9 /* GUI.storyboard */; };
/* End PBXBuildFile section */

/* Begin PBXFileReference section */
		4A07280C23E96FC30005FF97 /* UniPays.app */ = {isa = PBXFileReference; explicitFileType = wrapper.application; includeInIndex = 0; path = UniPays.app; sourceTree = BUILT_PRODUCTS_DIR; };
		4A07280F23E96FC30005FF97 /* AppDelegate.swift */ = {isa = PBXFileReference; lastKnownFileType = sourcecode.swift; path = AppDelegate.swift; sourceTree = "<group>"; };
		4A07281123E96FC30005FF97 /* SceneDelegate.swift */ = {isa = PBXFileReference; lastKnownFileType = sourcecode.swift; path = SceneDelegate.swift; sourceTree = "<group>"; };
		4A07281323E96FC30005FF97 /* ViewController.swift */ = {isa = PBXFileReference; lastKnownFileType = sourcecode.swift; path = ViewController.swift; sourceTree = "<group>"; };
		4A07281623E96FC30005FF97 /* Base */ = {isa = PBXFileReference; lastKnownFileType = file.storyboard; name = Base; path = Base.lproj/Main.storyboard; sourceTree = "<group>"; };
		4A07281823E96FC90005FF97 /* Assets.xcassets */ = {isa = PBXFileReference; lastKnownFileType = folder.assetcatalog; path = Assets.xcassets; sourceTree = "<group>"; };
		4A07281B23E96FC90005FF97 /* Base */ = {isa = PBXFileReference; lastKnownFileType = file.storyboard; name = Base; path = Base.lproj/LaunchScreen.storyboard; sourceTree = "<group>"; };
		4A07281D23E96FC90005FF97 /* Info.plist */ = {isa = PBXFileReference; lastKnownFileType = text.plist.xml; path = Info.plist; sourceTree = "<group>"; };
		80B067DE240E728700BB52ED /* Login&Signup.storyboard */ = {isa = PBXFileReference; lastKnownFileType = file.storyboard; path = "Login&Signup.storyboard"; sourceTree = "<group>"; };
		80F1AEBB242B5427007529C9 /* GUI.storyboard */ = {isa = PBXFileReference; lastKnownFileType = file.storyboard; path = GUI.storyboard; sourceTree = "<group>"; };
/* End PBXFileReference section */

/* Begin PBXFrameworksBuildPhase section */
		4A07280923E96FC30005FF97 /* Frameworks */ = {
			isa = PBXFrameworksBuildPhase;
			buildActionMask = 2147483647;
			files = (
			);
			runOnlyForDeploymentPostprocessing = 0;
		};
/* End PBXFrameworksBuildPhase section */

/* Begin PBXGroup section */
		4A07280323E96FC30005FF97 = {
			isa = PBXGroup;
			children = (
				4A07280E23E96FC30005FF97 /* UniPays */,
				4A07280D23E96FC30005FF97 /* Products */,
			);
			sourceTree = "<group>";
		};
		4A07280D23E96FC30005FF97 /* Products */ = {
			isa = PBXGroup;
			children = (
				4A07280C23E96FC30005FF97 /* UniPays.app */,
			);
			name = Products;
			sourceTree = "<group>";
		};
		4A07280E23E96FC30005FF97 /* UniPays */ = {
			isa = PBXGroup;
			children = (
				80B067DD240E710600BB52ED /* Storyboards */,
				4A07280F23E96FC30005FF97 /* AppDelegate.swift */,
				4A07281123E96FC30005FF97 /* SceneDelegate.swift */,
				4A07281323E96FC30005FF97 /* ViewController.swift */,
				4A07281823E96FC90005FF97 /* Assets.xcassets */,
				4A07281D23E96FC90005FF97 /* Info.plist */,
			);
			path = UniPays;
			sourceTree = "<group>";
		};
		80B067DD240E710600BB52ED /* Storyboards */ = {
			isa = PBXGroup;
			children = (
				4A07281A23E96FC90005FF97 /* LaunchScreen.storyboard */,
				4A07281523E96FC30005FF97 /* Main.storyboard */,
				80B067DE240E728700BB52ED /* Login&Signup.storyboard */,
				80F1AEBB242B5427007529C9 /* GUI.storyboard */,
			);
			path = Storyboards;
			sourceTree = "<group>";
		};
/* End PBXGroup section */

/* Begin PBXNativeTarget section */
		4A07280B23E96FC30005FF97 /* UniPays */ = {
			isa = PBXNativeTarget;
			buildConfigurationList = 4A07282023E96FC90005FF97 /* Build configuration list for PBXNativeTarget "UniPays" */;
			buildPhases = (
				4A07280823E96FC30005FF97 /* Sources */,
				4A07280923E96FC30005FF97 /* Frameworks */,
				4A07280A23E96FC30005FF97 /* Resources */,
			);
			buildRules = (
			);
			dependencies = (
			);
			name = UniPays;
			productName = UniPays;
			productReference = 4A07280C23E96FC30005FF97 /* UniPays.app */;
			productType = "com.apple.product-type.application";
		};
/* End PBXNativeTarget section */

/* Begin PBXProject section */
		4A07280423E96FC30005FF97 /* Project object */ = {
			isa = PBXProject;
			attributes = {
				LastSwiftUpdateCheck = 1130;
				LastUpgradeCheck = 1130;
				ORGANIZATIONNAME = UniPays;
				TargetAttributes = {
					4A07280B23E96FC30005FF97 = {
						CreatedOnToolsVersion = 11.3.1;
					};
				};
			};
			buildConfigurationList = 4A07280723E96FC30005FF97 /* Build configuration list for PBXProject "UniPays" */;
			compatibilityVersion = "Xcode 9.3";
			developmentRegion = en;
			hasScannedForEncodings = 0;
			knownRegions = (
				en,
				Base,
			);
			mainGroup = 4A07280323E96FC30005FF97;
			productRefGroup = 4A07280D23E96FC30005FF97 /* Products */;
			projectDirPath = "";
			projectRoot = "";
			targets = (
				4A07280B23E96FC30005FF97 /* UniPays */,
			);
		};
/* End PBXProject section */

/* Begin PBXResourcesBuildPhase section */
		4A07280A23E96FC30005FF97 /* Resources */ = {
			isa = PBXResourcesBuildPhase;
			buildActionMask = 2147483647;
			files = (
				80B067DF240E728700BB52ED /* Login&Signup.storyboard in Resources */,
				80F1AEBC242B5427007529C9 /* GUI.storyboard in Resources */,
				4A07281C23E96FC90005FF97 /* LaunchScreen.storyboard in Resources */,
				4A07281923E96FC90005FF97 /* Assets.xcassets in Resources */,
				4A07281723E96FC30005FF97 /* Main.storyboard in Resources */,
			);
			runOnlyForDeploymentPostprocessing = 0;
		};
/* End PBXResourcesBuildPhase section */

/* Begin PBXSourcesBuildPhase section */
		4A07280823E96FC30005FF97 /* Sources */ = {
			isa = PBXSourcesBuildPhase;
			buildActionMask = 2147483647;
			files = (
				4A07281423E96FC30005FF97 /* ViewController.swift in Sources */,
				4A07281023E96FC30005FF97 /* AppDelegate.swift in Sources */,
				4A07281223E96FC30005FF97 /* SceneDelegate.swift in Sources */,
			);
			runOnlyForDeploymentPostprocessing = 0;
		};
/* End PBXSourcesBuildPhase section */

/* Begin PBXVariantGroup section */
		4A07281523E96FC30005FF97 /* Main.storyboard */ = {
			isa = PBXVariantGroup;
			children = (
				4A07281623E96FC30005FF97 /* Base */,
			);
			name = Main.storyboard;
			sourceTree = "<group>";
		};
		4A07281A23E96FC90005FF97 /* LaunchScreen.storyboard */ = {
			isa = PBXVariantGroup;
			children = (
				4A07281B23E96FC90005FF97 /* Base */,
			);
			name = LaunchScreen.storyboard;
			sourceTree = "<group>";
		};
/* End PBXVariantGroup section */

/* Begin XCBuildConfiguration section */
		4A07281E23E96FC90005FF97 /* Debug */ = {
			isa = XCBuildConfiguration;
			buildSettings = {
				ALWAYS_SEARCH_USER_PATHS = NO;
				CLANG_ANALYZER_NONNULL = YES;
				CLANG_ANALYZER_NUMBER_OBJECT_CONVERSION = YES_AGGRESSIVE;
				CLANG_CXX_LANGUAGE_STANDARD = "gnu++14";
				CLANG_CXX_LIBRARY = "libc++";
				CLANG_ENABLE_MODULES = YES;
				CLANG_ENABLE_OBJC_ARC = YES;
				CLANG_ENABLE_OBJC_WEAK = YES;
				CLANG_WARN_BLOCK_CAPTURE_AUTORELEASING = YES;
				CLANG_WARN_BOOL_CONVERSION = YES;
				CLANG_WARN_COMMA = YES;
				CLANG_WARN_CONSTANT_CONVERSION = YES;
				CLANG_WARN_DEPRECATED_OBJC_IMPLEMENTATIONS = YES;
				CLANG_WARN_DIRECT_OBJC_ISA_USAGE = YES_ERROR;
				CLANG_WARN_DOCUMENTATION_COMMENTS = YES;
				CLANG_WARN_EMPTY_BODY = YES;
				CLANG_WARN_ENUM_CONVERSION = YES;
				CLANG_WARN_INFINITE_RECURSION = YES;
				CLANG_WARN_INT_CONVERSION = YES;
				CLANG_WARN_NON_LITERAL_NULL_CONVERSION = YES;
				CLANG_WARN_OBJC_IMPLICIT_RETAIN_SELF = YES;
				CLANG_WARN_OBJC_LITERAL_CONVERSION = YES;
				CLANG_WARN_OBJC_ROOT_CLASS = YES_ERROR;
				CLANG_WARN_RANGE_LOOP_ANALYSIS = YES;
				CLANG_WARN_STRICT_PROTOTYPES = YES;
				CLANG_WARN_SUSPICIOUS_MOVE = YES;
				CLANG_WARN_UNGUARDED_AVAILABILITY = YES_AGGRESSIVE;
				CLANG_WARN_UNREACHABLE_CODE = YES;
				CLANG_WARN__DUPLICATE_METHOD_MATCH = YES;
				COPY_PHASE_STRIP = NO;
				DEBUG_INFORMATION_FORMAT = dwarf;
				ENABLE_STRICT_OBJC_MSGSEND = YES;
				ENABLE_TESTABILITY = YES;
				GCC_C_LANGUAGE_STANDARD = gnu11;
				GCC_DYNAMIC_NO_PIC = NO;
				GCC_NO_COMMON_BLOCKS = YES;
				GCC_OPTIMIZATION_LEVEL = 0;
				GCC_PREPROCESSOR_DEFINITIONS = (
					"DEBUG=1",
					"$(inherited)",
				);
				GCC_WARN_64_TO_32_BIT_CONVERSION = YES;
				GCC_WARN_ABOUT_RETURN_TYPE = YES_ERROR;
				GCC_WARN_UNDECLARED_SELECTOR = YES;
				GCC_WARN_UNINITIALIZED_AUTOS = YES_AGGRESSIVE;
				GCC_WARN_UNUSED_FUNCTION = YES;
				GCC_WARN_UNUSED_VARIABLE = YES;
				IPHONEOS_DEPLOYMENT_TARGET = 13.2;
				MTL_ENABLE_DEBUG_INFO = INCLUDE_SOURCE;
				MTL_FAST_MATH = YES;
				ONLY_ACTIVE_ARCH = YES;
				SDKROOT = iphoneos;
				SWIFT_ACTIVE_COMPILATION_CONDITIONS = DEBUG;
				SWIFT_OPTIMIZATION_LEVEL = "-Onone";
			};
			name = Debug;
		};
		4A07281F23E96FC90005FF97 /* Release */ = {
			isa = XCBuildConfiguration;
			buildSettings = {
				ALWAYS_SEARCH_USER_PATHS = NO;
				CLANG_ANALYZER_NONNULL = YES;
				CLANG_ANALYZER_NUMBER_OBJECT_CONVERSION = YES_AGGRESSIVE;
				CLANG_CXX_LANGUAGE_STANDARD = "gnu++14";
				CLANG_CXX_LIBRARY = "libc++";
				CLANG_ENABLE_MODULES = YES;
				CLANG_ENABLE_OBJC_ARC = YES;
				CLANG_ENABLE_OBJC_WEAK = YES;
				CLANG_WARN_BLOCK_CAPTURE_AUTORELEASING = YES;
				CLANG_WARN_BOOL_CONVERSION = YES;
				CLANG_WARN_COMMA = YES;
				CLANG_WARN_CONSTANT_CONVERSION = YES;
				CLANG_WARN_DEPRECATED_OBJC_IMPLEMENTATIONS = YES;
				CLANG_WARN_DIRECT_OBJC_ISA_USAGE = YES_ERROR;
				CLANG_WARN_DOCUMENTATION_COMMENTS = YES;
				CLANG_WARN_EMPTY_BODY = YES;
				CLANG_WARN_ENUM_CONVERSION = YES;
				CLANG_WARN_INFINITE_RECURSION = YES;
				CLANG_WARN_INT_CONVERSION = YES;
				CLANG_WARN_NON_LITERAL_NULL_CONVERSION = YES;
				CLANG_WARN_OBJC_IMPLICIT_RETAIN_SELF = YES;
				CLANG_WARN_OBJC_LITERAL_CONVERSION = YES;
				CLANG_WARN_OBJC_ROOT_CLASS = YES_ERROR;
				CLANG_WARN_RANGE_LOOP_ANALYSIS = YES;
				CLANG_WARN_STRICT_PROTOTYPES = YES;
				CLANG_WARN_SUSPICIOUS_MOVE = YES;
				CLANG_WARN_UNGUARDED_AVAILABILITY = YES_AGGRESSIVE;
				CLANG_WARN_UNREACHABLE_CODE = YES;
				CLANG_WARN__DUPLICATE_METHOD_MATCH = YES;
				COPY_PHASE_STRIP = NO;
				DEBUG_INFORMATION_FORMAT = "dwarf-with-dsym";
				ENABLE_NS_ASSERTIONS = NO;
				ENABLE_STRICT_OBJC_MSGSEND = YES;
				GCC_C_LANGUAGE_STANDARD = gnu11;
				GCC_NO_COMMON_BLOCKS = YES;
				GCC_WARN_64_TO_32_BIT_CONVERSION = YES;
				GCC_WARN_ABOUT_RETURN_TYPE = YES_ERROR;
				GCC_WARN_UNDECLARED_SELECTOR = YES;
				GCC_WARN_UNINITIALIZED_AUTOS = YES_AGGRESSIVE;
				GCC_WARN_UNUSED_FUNCTION = YES;
				GCC_WARN_UNUSED_VARIABLE = YES;
				IPHONEOS_DEPLOYMENT_TARGET = 13.2;
				MTL_ENABLE_DEBUG_INFO = NO;
				MTL_FAST_MATH = YES;
				SDKROOT = iphoneos;
				SWIFT_COMPILATION_MODE = wholemodule;
				SWIFT_OPTIMIZATION_LEVEL = "-O";
				VALIDATE_PRODUCT = YES;
			};
			name = Release;
		};
		4A07282123E96FC90005FF97 /* Debug */ = {
			isa = XCBuildConfiguration;
			buildSettings = {
				ASSETCATALOG_COMPILER_APPICON_NAME = AppIcon;
				CODE_SIGN_STYLE = Automatic;
				DEVELOPMENT_TEAM = RF37Z52P53;
				INFOPLIST_FILE = UniPays/Info.plist;
				LD_RUNPATH_SEARCH_PATHS = (
					"$(inherited)",
					"@executable_path/Frameworks",
				);
				PRODUCT_BUNDLE_IDENTIFIER = com.UniPays.UniPays;
				PRODUCT_NAME = "$(TARGET_NAME)";
				SWIFT_VERSION = 5.0;
				TARGETED_DEVICE_FAMILY = "1,2";
			};
			name = Debug;
		};
		4A07282223E96FC90005FF97 /* Release */ = {
			isa = XCBuildConfiguration;
			buildSettings = {
				ASSETCATALOG_COMPILER_APPICON_NAME = AppIcon;
				CODE_SIGN_STYLE = Automatic;
				DEVELOPMENT_TEAM = RF37Z52P53;
				INFOPLIST_FILE = UniPays/Info.plist;
				LD_RUNPATH_SEARCH_PATHS = (
					"$(inherited)",
					"@executable_path/Frameworks",
				);
				PRODUCT_BUNDLE_IDENTIFIER = com.UniPays.UniPays;
				PRODUCT_NAME = "$(TARGET_NAME)";
				SWIFT_VERSION = 5.0;
				TARGETED_DEVICE_FAMILY = "1,2";
			};
			name = Release;
		};
/* End XCBuildConfiguration section */

/* Begin XCConfigurationList section */
		4A07280723E96FC30005FF97 /* Build configuration list for PBXProject "UniPays" */ = {
			isa = XCConfigurationList;
			buildConfigurations = (
				4A07281E23E96FC90005FF97 /* Debug */,
				4A07281F23E96FC90005FF97 /* Release */,
			);
			defaultConfigurationIsVisible = 0;
			defaultConfigurationName = Release;
		};
		4A07282023E96FC90005FF97 /* Build configuration list for PBXNativeTarget "UniPays" */ = {
			isa = XCConfigurationList;
			buildConfigurations = (
				4A07282123E96FC90005FF97 /* Debug */,
				4A07282223E96FC90005FF97 /* Release */,
			);
			defaultConfigurationIsVisible = 0;
			defaultConfigurationName = Release;
		};
/* End XCConfigurationList section */
	};
	rootObject = 4A07280423E96FC30005FF97 /* Project object */;
}
